
Microsoft Visual Studio Solution File, Format Version 12.00
# Visual Studio 15
VisualStudioVersion = 15.0.27130.2024
MinimumVisualStudioVersion = 10.0.40219.1
Project("{8BC9CEB8-8B4A-11D0-8D11-00A0C91BC942}") = "lab1_1", "lab1_1\lab1_1.vcxproj", "{3ED0F08A-FDB4-4C9C-9F35-A74BA0BD49D7}"
EndProject
Project("{8BC9CEB8-8B4A-11D0-8D11-00A0C91BC942}") = "lab1_2", "lab1_2\lab1_2.vcxproj", "{E2DE513F-9902-4670-A3B4-57ED56972784}"
EndProject
Project("{8BC9CEB8-8B4A-11D0-8D11-00A0C91BC942}") = "lab2_1", "lab2_1\lab2_1.vcxproj", "{57175F2B-DDCA-4BC4-BE93-76297470EAB5}"
EndProject
Project("{8BC9CEB8-8B4A-11D0-8D11-00A0C91BC942}") = "lab2_2", "lab2_2\lab2_2.vcxproj", "{7DC64927-CC8F-48FA-909C-26FE0B21EB8D}"
EndProject
Project("{8BC9CEB8-8B4A-11D0-8D11-00A0C91BC942}") = "lab3_1", "lab3_1\lab3_1.vcxproj", "{A3A21809-C7FB-4ACE-8A3B-27C3EEA54E0B}"
EndProject
Project("{8BC9CEB8-8B4A-11D0-8D11-00A0C91BC942}") = "lab3_2", "lab3_2\lab3_2.vcxproj", "{AB2E772B-8CFB-4007-92AA-96EF0DFDEC08}"
EndProject
Project("{8BC9CEB8-8B4A-11D0-8D11-00A0C91BC942}") = "lab4_1", "lab4_1\lab4_1.vcxproj", "{ADE0A314-7ACE-4EE6-9EA2-0D7E29B0256F}"
EndProject
Project("{8BC9CEB8-8B4A-11D0-8D11-00A0C91BC942}") = "lab4_2", "lab4_2\lab4_2.vcxproj", "{6C8C6A4C-2522-4CB2-8DB2-D89054FA501E}"
EndProject
Project("{8BC9CEB8-8B4A-11D0-8D11-00A0C91BC942}") = "lab5_1", "lab5_1\lab5_1.vcxproj", "{65A95440-253D-452F-AB5C-9C7BBA94998F}"
EndProject
Project("{8BC9CEB8-8B4A-11D0-8D11-00A0C91BC942}") = "lab8", "lab8\lab8.vcxproj", "{68B2F788-5EE9-4058-99D2-DEDCAC96C28D}"
EndProject
Project("{8BC9CEB8-8B4A-11D0-8D11-00A0C91BC942}") = "lab8_2", "lab8_2\lab8_2.vcxproj", "{79669A4C-2EEB-4662-AC4F-A227CE09F0AB}"
EndProject
Global
	GlobalSection(SolutionConfigurationPlatforms) = preSolution
		Debug|x64 = Debug|x64
		Debug|x86 = Debug|x86
		Release|x64 = Release|x64
		Release|x86 = Release|x86
	EndGlobalSection
	GlobalSection(ProjectConfigurationPlatforms) = postSolution
		{3ED0F08A-FDB4-4C9C-9F35-A74BA0BD49D7}.Debug|x64.ActiveCfg = Debug|x64
		{3ED0F08A-FDB4-4C9C-9F35-A74BA0BD49D7}.Debug|x64.Build.0 = Debug|x64
		{3ED0F08A-FDB4-4C9C-9F35-A74BA0BD49D7}.Debug|x86.ActiveCfg = Debug|Win32
		{3ED0F08A-FDB4-4C9C-9F35-A74BA0BD49D7}.Debug|x86.Build.0 = Debug|Win32
		{3ED0F08A-FDB4-4C9C-9F35-A74BA0BD49D7}.Release|x64.ActiveCfg = Release|x64
		{3ED0F08A-FDB4-4C9C-9F35-A74BA0BD49D7}.Release|x64.Build.0 = Release|x64
		{3ED0F08A-FDB4-4C9C-9F35-A74BA0BD49D7}.Release|x86.ActiveCfg = Release|Win32
		{3ED0F08A-FDB4-4C9C-9F35-A74BA0BD49D7}.Release|x86.Build.0 = Release|Win32
		{E2DE513F-9902-4670-A3B4-57ED56972784}.Debug|x64.ActiveCfg = Debug|x64
		{E2DE513F-9902-4670-A3B4-57ED56972784}.Debug|x64.Build.0 = Debug|x64
		{E2DE513F-9902-4670-A3B4-57ED56972784}.Debug|x86.ActiveCfg = Debug|Win32
		{E2DE513F-9902-4670-A3B4-57ED56972784}.Debug|x86.Build.0 = Debug|Win32
		{E2DE513F-9902-4670-A3B4-57ED56972784}.Release|x64.ActiveCfg = Release|x64
		{E2DE513F-9902-4670-A3B4-57ED56972784}.Release|x64.Build.0 = Release|x64
		{E2DE513F-9902-4670-A3B4-57ED56972784}.Release|x86.ActiveCfg = Release|Win32
		{E2DE513F-9902-4670-A3B4-57ED56972784}.Release|x86.Build.0 = Release|Win32
		{57175F2B-DDCA-4BC4-BE93-76297470EAB5}.Debug|x64.ActiveCfg = Debug|x64
		{57175F2B-DDCA-4BC4-BE93-76297470EAB5}.Debug|x64.Build.0 = Debug|x64
		{57175F2B-DDCA-4BC4-BE93-76297470EAB5}.Debug|x86.ActiveCfg = Debug|Win32
		{57175F2B-DDCA-4BC4-BE93-76297470EAB5}.Debug|x86.Build.0 = Debug|Win32
		{57175F2B-DDCA-4BC4-BE93-76297470EAB5}.Release|x64.ActiveCfg = Release|x64
		{57175F2B-DDCA-4BC4-BE93-76297470EAB5}.Release|x64.Build.0 = Release|x64
		{57175F2B-DDCA-4BC4-BE93-76297470EAB5}.Release|x86.ActiveCfg = Release|Win32
		{57175F2B-DDCA-4BC4-BE93-76297470EAB5}.Release|x86.Build.0 = Release|Win32
		{7DC64927-CC8F-48FA-909C-26FE0B21EB8D}.Debug|x64.ActiveCfg = Debug|x64
		{7DC64927-CC8F-48FA-909C-26FE0B21EB8D}.Debug|x64.Build.0 = Debug|x64
		{7DC64927-CC8F-48FA-909C-26FE0B21EB8D}.Debug|x86.ActiveCfg = Debug|Win32
		{7DC64927-CC8F-48FA-909C-26FE0B21EB8D}.Debug|x86.Build.0 = Debug|Win32
		{7DC64927-CC8F-48FA-909C-26FE0B21EB8D}.Release|x64.ActiveCfg = Release|x64
		{7DC64927-CC8F-48FA-909C-26FE0B21EB8D}.Release|x64.Build.0 = Release|x64
		{7DC64927-CC8F-48FA-909C-26FE0B21EB8D}.Release|x86.ActiveCfg = Release|Win32
		{7DC64927-CC8F-48FA-909C-26FE0B21EB8D}.Release|x86.Build.0 = Release|Win32
		{A3A21809-C7FB-4ACE-8A3B-27C3EEA54E0B}.Debug|x64.ActiveCfg = Debug|x64
		{A3A21809-C7FB-4ACE-8A3B-27C3EEA54E0B}.Debug|x64.Build.0 = Debug|x64
		{A3A21809-C7FB-4ACE-8A3B-27C3EEA54E0B}.Debug|x86.ActiveCfg = Debug|Win32
		{A3A21809-C7FB-4ACE-8A3B-27C3EEA54E0B}.Debug|x86.Build.0 = Debug|Win32
		{A3A21809-C7FB-4ACE-8A3B-27C3EEA54E0B}.Release|x64.ActiveCfg = Release|x64
		{A3A21809-C7FB-4ACE-8A3B-27C3EEA54E0B}.Release|x64.Build.0 = Release|x64
		{A3A21809-C7FB-4ACE-8A3B-27C3EEA54E0B}.Release|x86.ActiveCfg = Release|Win32
		{A3A21809-C7FB-4ACE-8A3B-27C3EEA54E0B}.Release|x86.Build.0 = Release|Win32
		{AB2E772B-8CFB-4007-92AA-96EF0DFDEC08}.Debug|x64.ActiveCfg = Debug|x64
		{AB2E772B-8CFB-4007-92AA-96EF0DFDEC08}.Debug|x64.Build.0 = Debug|x64
		{AB2E772B-8CFB-4007-92AA-96EF0DFDEC08}.Debug|x86.ActiveCfg = Debug|Win32
		{AB2E772B-8CFB-4007-92AA-96EF0DFDEC08}.Debug|x86.Build.0 = Debug|Win32
		{AB2E772B-8CFB-4007-92AA-96EF0DFDEC08}.Release|x64.ActiveCfg = Release|x64
		{AB2E772B-8CFB-4007-92AA-96EF0DFDEC08}.Release|x64.Build.0 = Release|x64
		{AB2E772B-8CFB-4007-92AA-96EF0DFDEC08}.Release|x86.ActiveCfg = Release|Win32
		{AB2E772B-8CFB-4007-92AA-96EF0DFDEC08}.Release|x86.Build.0 = Release|Win32
		{ADE0A314-7ACE-4EE6-9EA2-0D7E29B0256F}.Debug|x64.ActiveCfg = Debug|x64
		{ADE0A314-7ACE-4EE6-9EA2-0D7E29B0256F}.Debug|x64.Build.0 = Debug|x64
		{ADE0A314-7ACE-4EE6-9EA2-0D7E29B0256F}.Debug|x86.ActiveCfg = Debug|Win32
		{ADE0A314-7ACE-4EE6-9EA2-0D7E29B0256F}.Debug|x86.Build.0 = Debug|Win32
		{ADE0A314-7ACE-4EE6-9EA2-0D7E29B0256F}.Release|x64.ActiveCfg = Release|x64
		{ADE0A314-7ACE-4EE6-9EA2-0D7E29B0256F}.Release|x64.Build.0 = Release|x64
		{ADE0A314-7ACE-4EE6-9EA2-0D7E29B0256F}.Release|x86.ActiveCfg = Release|Win32
		{ADE0A314-7ACE-4EE6-9EA2-0D7E29B0256F}.Release|x86.Build.0 = Release|Win32
		{6C8C6A4C-2522-4CB2-8DB2-D89054FA501E}.Debug|x64.ActiveCfg = Debug|x64
		{6C8C6A4C-2522-4CB2-8DB2-D89054FA501E}.Debug|x64.Build.0 = Debug|x64
		{6C8C6A4C-2522-4CB2-8DB2-D89054FA501E}.Debug|x86.ActiveCfg = Debug|Win32
		{6C8C6A4C-2522-4CB2-8DB2-D89054FA501E}.Debug|x86.Build.0 = Debug|Win32
		{6C8C6A4C-2522-4CB2-8DB2-D89054FA501E}.Release|x64.ActiveCfg = Release|x64
		{6C8C6A4C-2522-4CB2-8DB2-D89054FA501E}.Release|x64.Build.0 = Release|x64
		{6C8C6A4C-2522-4CB2-8DB2-D89054FA501E}.Release|x86.ActiveCfg = Release|Win32
		{6C8C6A4C-2522-4CB2-8DB2-D89054FA501E}.Release|x86.Build.0 = Release|Win32
		{65A95440-253D-452F-AB5C-9C7BBA94998F}.Debug|x64.ActiveCfg = Debug|x64
		{65A95440-253D-452F-AB5C-9C7BBA94998F}.Debug|x64.Build.0 = Debug|x64
		{65A95440-253D-452F-AB5C-9C7BBA94998F}.Debug|x86.ActiveCfg = Debug|Win32
		{65A95440-253D-452F-AB5C-9C7BBA94998F}.Debug|x86.Build.0 = Debug|Win32
		{65A95440-253D-452F-AB5C-9C7BBA94998F}.Release|x64.ActiveCfg = Release|x64
		{65A95440-253D-452F-AB5C-9C7BBA94998F}.Release|x64.Build.0 = Release|x64
		{65A95440-253D-452F-AB5C-9C7BBA94998F}.Release|x86.ActiveCfg = Release|Win32
		{65A95440-253D-452F-AB5C-9C7BBA94998F}.Release|x86.Build.0 = Release|Win32
		{68B2F788-5EE9-4058-99D2-DEDCAC96C28D}.Debug|x64.ActiveCfg = Debug|x64
		{68B2F788-5EE9-4058-99D2-DEDCAC96C28D}.Debug|x64.Build.0 = Debug|x64
		{68B2F788-5EE9-4058-99D2-DEDCAC96C28D}.Debug|x86.ActiveCfg = Debug|Win32
		{68B2F788-5EE9-4058-99D2-DEDCAC96C28D}.Debug|x86.Build.0 = Debug|Win32
		{68B2F788-5EE9-4058-99D2-DEDCAC96C28D}.Release|x64.ActiveCfg = Release|x64
		{68B2F788-5EE9-4058-99D2-DEDCAC96C28D}.Release|x64.Build.0 = Release|x64
		{68B2F788-5EE9-4058-99D2-DEDCAC96C28D}.Release|x86.ActiveCfg = Release|Win32
		{68B2F788-5EE9-4058-99D2-DEDCAC96C28D}.Release|x86.Build.0 = Release|Win32
		{79669A4C-2EEB-4662-AC4F-A227CE09F0AB}.Debug|x64.ActiveCfg = Debug|x64
		{79669A4C-2EEB-4662-AC4F-A227CE09F0AB}.Debug|x64.Build.0 = Debug|x64
		{79669A4C-2EEB-4662-AC4F-A227CE09F0AB}.Debug|x86.ActiveCfg = Debug|Win32
		{79669A4C-2EEB-4662-AC4F-A227CE09F0AB}.Debug|x86.Build.0 = Debug|Win32
		{79669A4C-2EEB-4662-AC4F-A227CE09F0AB}.Release|x64.ActiveCfg = Release|x64
		{79669A4C-2EEB-4662-AC4F-A227CE09F0AB}.Release|x64.Build.0 = Release|x64
		{79669A4C-2EEB-4662-AC4F-A227CE09F0AB}.Release|x86.ActiveCfg = Release|Win32
		{79669A4C-2EEB-4662-AC4F-A227CE09F0AB}.Release|x86.Build.0 = Release|Win32
	EndGlobalSection
	GlobalSection(SolutionProperties) = preSolution
		HideSolutionNode = FALSE
	EndGlobalSection
	GlobalSection(ExtensibilityGlobals) = postSolution
		SolutionGuid = {68155832-D79B-409E-B28A-1A1C459E68DD}
	EndGlobalSection
EndGlobal
