
Microsoft Visual Studio Solution File, Format Version 12.00
# Visual Studio 15
VisualStudioVersion = 15.0.27130.2024
MinimumVisualStudioVersion = 10.0.40219.1
Project("{8BC9CEB8-8B4A-11D0-8D11-00A0C91BC942}") = "computer_vision", "computer_vision\computer_vision.vcxproj", "{FA2576BE-CAFA-4B6F-9DAE-6A8FE6BFDFB2}"
EndProject
Project("{8BC9CEB8-8B4A-11D0-8D11-00A0C91BC942}") = "lab1_1", "lab1_1\lab1_1.vcxproj", "{3ED0F08A-FDB4-4C9C-9F35-A74BA0BD49D7}"
EndProject
Global
	GlobalSection(SolutionConfigurationPlatforms) = preSolution
		Debug|x64 = Debug|x64
		Debug|x86 = Debug|x86
		Release|x64 = Release|x64
		Release|x86 = Release|x86
	EndGlobalSection
	GlobalSection(ProjectConfigurationPlatforms) = postSolution
		{FA2576BE-CAFA-4B6F-9DAE-6A8FE6BFDFB2}.Debug|x64.ActiveCfg = Debug|x64
		{FA2576BE-CAFA-4B6F-9DAE-6A8FE6BFDFB2}.Debug|x64.Build.0 = Debug|x64
		{FA2576BE-CAFA-4B6F-9DAE-6A8FE6BFDFB2}.Debug|x86.ActiveCfg = Debug|Win32
		{FA2576BE-CAFA-4B6F-9DAE-6A8FE6BFDFB2}.Debug|x86.Build.0 = Debug|Win32
		{FA2576BE-CAFA-4B6F-9DAE-6A8FE6BFDFB2}.Release|x64.ActiveCfg = Release|x64
		{FA2576BE-CAFA-4B6F-9DAE-6A8FE6BFDFB2}.Release|x64.Build.0 = Release|x64
		{FA2576BE-CAFA-4B6F-9DAE-6A8FE6BFDFB2}.Release|x86.ActiveCfg = Release|Win32
		{FA2576BE-CAFA-4B6F-9DAE-6A8FE6BFDFB2}.Release|x86.Build.0 = Release|Win32
		{3ED0F08A-FDB4-4C9C-9F35-A74BA0BD49D7}.Debug|x64.ActiveCfg = Debug|x64
		{3ED0F08A-FDB4-4C9C-9F35-A74BA0BD49D7}.Debug|x64.Build.0 = Debug|x64
		{3ED0F08A-FDB4-4C9C-9F35-A74BA0BD49D7}.Debug|x86.ActiveCfg = Debug|Win32
		{3ED0F08A-FDB4-4C9C-9F35-A74BA0BD49D7}.Debug|x86.Build.0 = Debug|Win32
		{3ED0F08A-FDB4-4C9C-9F35-A74BA0BD49D7}.Release|x64.ActiveCfg = Release|x64
		{3ED0F08A-FDB4-4C9C-9F35-A74BA0BD49D7}.Release|x64.Build.0 = Release|x64
		{3ED0F08A-FDB4-4C9C-9F35-A74BA0BD49D7}.Release|x86.ActiveCfg = Release|Win32
		{3ED0F08A-FDB4-4C9C-9F35-A74BA0BD49D7}.Release|x86.Build.0 = Release|Win32
	EndGlobalSection
	GlobalSection(SolutionProperties) = preSolution
		HideSolutionNode = FALSE
	EndGlobalSection
	GlobalSection(ExtensibilityGlobals) = postSolution
		SolutionGuid = {68155832-D79B-409E-B28A-1A1C459E68DD}
	EndGlobalSection
EndGlobal
